
Microsoft Visual Studio Solution File, Format Version 12.00
# Visual Studio 15
VisualStudioVersion = 15.0.27703.2042
MinimumVisualStudioVersion = 10.0.40219.1
Project("{8BC9CEB8-8B4A-11D0-8D11-00A0C91BC942}") = "Sync", "Sync.vcxproj", "{3EB4129B-0A39-468E-80C5-C9B692D472F3}"
EndProject
Global
	GlobalSection(SolutionConfigurationPlatforms) = preSolution
		Debug|x64 = Debug|x64
		Debug|x86 = Debug|x86
		Release|x64 = Release|x64
		Release|x86 = Release|x86
	EndGlobalSection
	GlobalSection(ProjectConfigurationPlatforms) = postSolution
		{3EB4129B-0A39-468E-80C5-C9B692D472F3}.Debug|x64.ActiveCfg = Debug|x64
		{3EB4129B-0A39-468E-80C5-C9B692D472F3}.Debug|x64.Build.0 = Debug|x64
		{3EB4129B-0A39-468E-80C5-C9B692D472F3}.Debug|x86.ActiveCfg = Debug|Win32
		{3EB4129B-0A39-468E-80C5-C9B692D472F3}.Debug|x86.Build.0 = Debug|Win32
		{3EB4129B-0A39-468E-80C5-C9B692D472F3}.Release|x64.ActiveCfg = Release|x64
		{3EB4129B-0A39-468E-80C5-C9B692D472F3}.Release|x64.Build.0 = Release|x64
		{3EB4129B-0A39-468E-80C5-C9B692D472F3}.Release|x86.ActiveCfg = Release|Win32
		{3EB4129B-0A39-468E-80C5-C9B692D472F3}.Release|x86.Build.0 = Release|Win32
	EndGlobalSection
	GlobalSection(SolutionProperties) = preSolution
		HideSolutionNode = FALSE
	EndGlobalSection
	GlobalSection(ExtensibilityGlobals) = postSolution
		SolutionGuid = {E12DF342-EA9D-466F-BB14-603BA8F705DC}
	EndGlobalSection
EndGlobal
